
Microsoft Visual Studio Solution File, Format Version 12.00
# Visual Studio Version 17
VisualStudioVersion = 17.14.36915.13 d17.14
MinimumVisualStudioVersion = 10.0.40219.1
Project("{FAE04EC0-301F-11D3-BF4B-00C04F79EFBC}") = "Electronic_Device_Management", "Electronic_Device_Management.csproj", "{621808C0-BD86-45BE-A076-5B1908EE2BF7}"
EndProject
Global
	GlobalSection(SolutionConfigurationPlatforms) = preSolution
		Debug|Any CPU = Debug|Any CPU
		Release|Any CPU = Release|Any CPU
	EndGlobalSection
	GlobalSection(ProjectConfigurationPlatforms) = postSolution
		{621808C0-BD86-45BE-A076-5B1908EE2BF7}.Debug|Any CPU.ActiveCfg = Debug|Any CPU
		{621808C0-BD86-45BE-A076-5B1908EE2BF7}.Debug|Any CPU.Build.0 = Debug|Any CPU
		{621808C0-BD86-45BE-A076-5B1908EE2BF7}.Release|Any CPU.ActiveCfg = Release|Any CPU
		{621808C0-BD86-45BE-A076-5B1908EE2BF7}.Release|Any CPU.Build.0 = Release|Any CPU
	EndGlobalSection
	GlobalSection(SolutionProperties) = preSolution
		HideSolutionNode = FALSE
	EndGlobalSection
	GlobalSection(ExtensibilityGlobals) = postSolution
		SolutionGuid = {CC872CE0-7C5A-4C85-900B-17DB8119BCF7}
	EndGlobalSection
EndGlobal
